
Microsoft Visual Studio Solution File, Format Version 12.00
# Visual Studio Version 16
VisualStudioVersion = 16.0.30128.74
MinimumVisualStudioVersion = 10.0.40219.1
Project("{888888A0-9F3D-457C-B088-3A5042F75D52}") = "LaneDetectionwithOpenCV", "LaneDetectionwithOpenCV\LaneDetectionwithOpenCV.pyproj", "{DBABFDA5-3710-4068-9EF5-4E014D80957C}"
EndProject
Global
	GlobalSection(SolutionConfigurationPlatforms) = preSolution
		Debug|Any CPU = Debug|Any CPU
		Release|Any CPU = Release|Any CPU
	EndGlobalSection
	GlobalSection(ProjectConfigurationPlatforms) = postSolution
		{DBABFDA5-3710-4068-9EF5-4E014D80957C}.Debug|Any CPU.ActiveCfg = Debug|Any CPU
		{DBABFDA5-3710-4068-9EF5-4E014D80957C}.Release|Any CPU.ActiveCfg = Release|Any CPU
	EndGlobalSection
	GlobalSection(SolutionProperties) = preSolution
		HideSolutionNode = FALSE
	EndGlobalSection
	GlobalSection(ExtensibilityGlobals) = postSolution
		SolutionGuid = {5906A8D5-4C03-4ECE-B54F-46F17B5C81C1}
	EndGlobalSection
EndGlobal
